
Microsoft Visual Studio Solution File, Format Version 12.00
# Visual Studio Version 17
VisualStudioVersion = 17.3.32929.385
MinimumVisualStudioVersion = 10.0.40219.1
Project("{FAE04EC0-301F-11D3-BF4B-00C04F79EFBC}") = "HypexMarketing.Task.Api", "HypexMarketing.Task.Api.csproj", "{77115E96-C019-4930-8E1C-5C70E20EF565}"
EndProject
Project("{FAE04EC0-301F-11D3-BF4B-00C04F79EFBC}") = "Core", "..\Core\Core.csproj", "{2C7A50AA-27E8-46FC-904D-95A064AFE010}"
EndProject
Project("{FAE04EC0-301F-11D3-BF4B-00C04F79EFBC}") = "Entites", "..\Entites\Entites.csproj", "{126D4519-124D-4E05-B3BD-5AE0C7FB5136}"
EndProject
Project("{FAE04EC0-301F-11D3-BF4B-00C04F79EFBC}") = "Dal", "..\Dal\Dal.csproj", "{A937AFB0-8E57-4E0D-939E-2B763F37CAC5}"
EndProject
Project("{FAE04EC0-301F-11D3-BF4B-00C04F79EFBC}") = "Model", "..\Model\Model.csproj", "{3A049C8F-D86B-4265-AACB-A5F4C71B0475}"
EndProject
Global
	GlobalSection(SolutionConfigurationPlatforms) = preSolution
		Debug|Any CPU = Debug|Any CPU
		Release|Any CPU = Release|Any CPU
	EndGlobalSection
	GlobalSection(ProjectConfigurationPlatforms) = postSolution
		{77115E96-C019-4930-8E1C-5C70E20EF565}.Debug|Any CPU.ActiveCfg = Debug|Any CPU
		{77115E96-C019-4930-8E1C-5C70E20EF565}.Debug|Any CPU.Build.0 = Debug|Any CPU
		{77115E96-C019-4930-8E1C-5C70E20EF565}.Release|Any CPU.ActiveCfg = Release|Any CPU
		{77115E96-C019-4930-8E1C-5C70E20EF565}.Release|Any CPU.Build.0 = Release|Any CPU
		{2C7A50AA-27E8-46FC-904D-95A064AFE010}.Debug|Any CPU.ActiveCfg = Debug|Any CPU
		{2C7A50AA-27E8-46FC-904D-95A064AFE010}.Debug|Any CPU.Build.0 = Debug|Any CPU
		{2C7A50AA-27E8-46FC-904D-95A064AFE010}.Release|Any CPU.ActiveCfg = Release|Any CPU
		{2C7A50AA-27E8-46FC-904D-95A064AFE010}.Release|Any CPU.Build.0 = Release|Any CPU
		{126D4519-124D-4E05-B3BD-5AE0C7FB5136}.Debug|Any CPU.ActiveCfg = Debug|Any CPU
		{126D4519-124D-4E05-B3BD-5AE0C7FB5136}.Debug|Any CPU.Build.0 = Debug|Any CPU
		{126D4519-124D-4E05-B3BD-5AE0C7FB5136}.Release|Any CPU.ActiveCfg = Release|Any CPU
		{126D4519-124D-4E05-B3BD-5AE0C7FB5136}.Release|Any CPU.Build.0 = Release|Any CPU
		{A937AFB0-8E57-4E0D-939E-2B763F37CAC5}.Debug|Any CPU.ActiveCfg = Debug|Any CPU
		{A937AFB0-8E57-4E0D-939E-2B763F37CAC5}.Debug|Any CPU.Build.0 = Debug|Any CPU
		{A937AFB0-8E57-4E0D-939E-2B763F37CAC5}.Release|Any CPU.ActiveCfg = Release|Any CPU
		{A937AFB0-8E57-4E0D-939E-2B763F37CAC5}.Release|Any CPU.Build.0 = Release|Any CPU
		{3A049C8F-D86B-4265-AACB-A5F4C71B0475}.Debug|Any CPU.ActiveCfg = Debug|Any CPU
		{3A049C8F-D86B-4265-AACB-A5F4C71B0475}.Debug|Any CPU.Build.0 = Debug|Any CPU
		{3A049C8F-D86B-4265-AACB-A5F4C71B0475}.Release|Any CPU.ActiveCfg = Release|Any CPU
		{3A049C8F-D86B-4265-AACB-A5F4C71B0475}.Release|Any CPU.Build.0 = Release|Any CPU
	EndGlobalSection
	GlobalSection(SolutionProperties) = preSolution
		HideSolutionNode = FALSE
	EndGlobalSection
	GlobalSection(ExtensibilityGlobals) = postSolution
		SolutionGuid = {9D7DB7B4-C67C-4237-89DC-46C5ECDEDA86}
	EndGlobalSection
EndGlobal
